
Microsoft Visual Studio Solution File, Format Version 12.00
# Visual Studio 15
VisualStudioVersion = 15.0.27428.2037
MinimumVisualStudioVersion = 10.0.40219.1
Project("{FAE04EC0-301F-11D3-BF4B-00C04F79EFBC}") = "ConDep.Execution", "ConDep.Execution\ConDep.Execution.csproj", "{CD01357A-C6A1-426D-9BA9-B01EAA32CC62}"
EndProject
Project("{FAE04EC0-301F-11D3-BF4B-00C04F79EFBC}") = "ConDep.Execution.Tests", "ConDep.Execution.Tests\ConDep.Execution.Tests.csproj", "{17BACC70-A7FC-444F-9071-01D5994732CD}"
EndProject
Project("{2150E333-8FDC-42A3-9474-1A3956D46DE8}") = "build", "build", "{4BC76D5E-FABA-416F-B20E-FC04CC4DB075}"
	ProjectSection(SolutionItems) = preProject
		..\appveyor.yml = ..\appveyor.yml
		..\build\default.ps1 = ..\build\default.ps1
		..\build\install.ps1 = ..\build\install.ps1
	EndProjectSection
EndProject
Project("{2150E333-8FDC-42A3-9474-1A3956D46DE8}") = ".nuget", ".nuget", "{D93BC54E-278C-4029-9D6E-17D7D36F8D55}"
	ProjectSection(SolutionItems) = preProject
		.nuget\nuget.config = .nuget\nuget.config
	EndProjectSection
EndProject
Global
	GlobalSection(SolutionConfigurationPlatforms) = preSolution
		Debug|Any CPU = Debug|Any CPU
		Release|Any CPU = Release|Any CPU
	EndGlobalSection
	GlobalSection(ProjectConfigurationPlatforms) = postSolution
		{CD01357A-C6A1-426D-9BA9-B01EAA32CC62}.Debug|Any CPU.ActiveCfg = Debug|Any CPU
		{CD01357A-C6A1-426D-9BA9-B01EAA32CC62}.Debug|Any CPU.Build.0 = Debug|Any CPU
		{CD01357A-C6A1-426D-9BA9-B01EAA32CC62}.Release|Any CPU.ActiveCfg = Release|Any CPU
		{CD01357A-C6A1-426D-9BA9-B01EAA32CC62}.Release|Any CPU.Build.0 = Release|Any CPU
		{17BACC70-A7FC-444F-9071-01D5994732CD}.Debug|Any CPU.ActiveCfg = Debug|Any CPU
		{17BACC70-A7FC-444F-9071-01D5994732CD}.Debug|Any CPU.Build.0 = Debug|Any CPU
		{17BACC70-A7FC-444F-9071-01D5994732CD}.Release|Any CPU.ActiveCfg = Release|Any CPU
		{17BACC70-A7FC-444F-9071-01D5994732CD}.Release|Any CPU.Build.0 = Release|Any CPU
	EndGlobalSection
	GlobalSection(SolutionProperties) = preSolution
		HideSolutionNode = FALSE
	EndGlobalSection
	GlobalSection(ExtensibilityGlobals) = postSolution
		SolutionGuid = {A344FD64-8EE8-4B27-B7AE-782418356837}
	EndGlobalSection
EndGlobal
